// !$*UTF8*$!
{
	archiveVersion = 1;
	classes = {
	};
	objectVersion = 50;
	objects = {

/* Begin PBXBuildFile section */
		401DAA32255E9EE900BA0BF0 /* AppDelegate.swift in Sources */ = {isa = PBXBuildFile; fileRef = 401DAA31255E9EE900BA0BF0 /* AppDelegate.swift */; };
		401DAA34255E9EE900BA0BF0 /* SceneDelegate.swift in Sources */ = {isa = PBXBuildFile; fileRef = 401DAA33255E9EE900BA0BF0 /* SceneDelegate.swift */; };
		401DAA36255E9EE900BA0BF0 /* ViewController.swift in Sources */ = {isa = PBXBuildFile; fileRef = 401DAA35255E9EE900BA0BF0 /* ViewController.swift */; };
		401DAA39255E9EE900BA0BF0 /* Main.storyboard in Resources */ = {isa = PBXBuildFile; fileRef = 401DAA37255E9EE900BA0BF0 /* Main.storyboard */; };
		401DAA3B255E9EEC00BA0BF0 /* Assets.xcassets in Resources */ = {isa = PBXBuildFile; fileRef = 401DAA3A255E9EEC00BA0BF0 /* Assets.xcassets */; };
		401DAA3E255E9EEC00BA0BF0 /* LaunchScreen.storyboard in Resources */ = {isa = PBXBuildFile; fileRef = 401DAA3C255E9EEC00BA0BF0 /* LaunchScreen.storyboard */; };
/* End PBXBuildFile section */

/* Begin PBXFileReference section */
		401DAA2E255E9EE900BA0BF0 /* BusBusterDemo.app */ = {isa = PBXFileReference; explicitFileType = wrapper.application; includeInIndex = 0; path = BusBusterDemo.app; sourceTree = BUILT_PRODUCTS_DIR; };
		401DAA31255E9EE900BA0BF0 /* AppDelegate.swift */ = {isa = PBXFileReference; lastKnownFileType = sourcecode.swift; name = AppDelegate.swift; path = Utils/AppDelegate.swift; sourceTree = "<group>"; };
		401DAA33255E9EE900BA0BF0 /* SceneDelegate.swift */ = {isa = PBXFileReference; lastKnownFileType = sourcecode.swift; name = SceneDelegate.swift; path = Utils/SceneDelegate.swift; sourceTree = "<group>"; };
		401DAA35255E9EE900BA0BF0 /* ViewController.swift */ = {isa = PBXFileReference; lastKnownFileType = sourcecode.swift; path = ViewController.swift; sourceTree = "<group>"; };
		401DAA38255E9EE900BA0BF0 /* Base */ = {isa = PBXFileReference; lastKnownFileType = file.storyboard; name = Base; path = Base.lproj/Main.storyboard; sourceTree = "<group>"; };
		401DAA3A255E9EEC00BA0BF0 /* Assets.xcassets */ = {isa = PBXFileReference; lastKnownFileType = folder.assetcatalog; path = Assets.xcassets; sourceTree = "<group>"; };
		401DAA3D255E9EEC00BA0BF0 /* Base */ = {isa = PBXFileReference; lastKnownFileType = file.storyboard; name = Base; path = Base.lproj/LaunchScreen.storyboard; sourceTree = "<group>"; };
		401DAA3F255E9EEC00BA0BF0 /* Info.plist */ = {isa = PBXFileReference; lastKnownFileType = text.plist.xml; path = Info.plist; sourceTree = "<group>"; };
/* End PBXFileReference section */

/* Begin PBXFrameworksBuildPhase section */
		401DAA2B255E9EE900BA0BF0 /* Frameworks */ = {
			isa = PBXFrameworksBuildPhase;
			buildActionMask = 2147483647;
			files = (
			);
			runOnlyForDeploymentPostprocessing = 0;
		};
/* End PBXFrameworksBuildPhase section */

/* Begin PBXGroup section */
		401DAA25255E9EE900BA0BF0 = {
			isa = PBXGroup;
			children = (
				401DAA30255E9EE900BA0BF0 /* BusBusterDemo */,
				401DAA2F255E9EE900BA0BF0 /* Products */,
			);
			sourceTree = "<group>";
		};
		401DAA2F255E9EE900BA0BF0 /* Products */ = {
			isa = PBXGroup;
			children = (
				401DAA2E255E9EE900BA0BF0 /* BusBusterDemo.app */,
			);
			name = Products;
			sourceTree = "<group>";
		};
		401DAA30255E9EE900BA0BF0 /* BusBusterDemo */ = {
			isa = PBXGroup;
			children = (
				401DAA4A255E9F7200BA0BF0 /* Model */,
				401DAA49255E9F7100BA0BF0 /* View */,
				401DAA48255E9F6F00BA0BF0 /* Controller */,
				401DAA47255E9F6E00BA0BF0 /* Service */,
				401DAA45255E9F6600BA0BF0 /* Utils */,
				401DAA31255E9EE900BA0BF0 /* AppDelegate.swift */,
				401DAA33255E9EE900BA0BF0 /* SceneDelegate.swift */,
				401DAA35255E9EE900BA0BF0 /* ViewController.swift */,
				401DAA37255E9EE900BA0BF0 /* Main.storyboard */,
				401DAA3A255E9EEC00BA0BF0 /* Assets.xcassets */,
				401DAA3C255E9EEC00BA0BF0 /* LaunchScreen.storyboard */,
				401DAA3F255E9EEC00BA0BF0 /* Info.plist */,
			);
			path = BusBusterDemo;
			sourceTree = "<group>";
		};
		401DAA45255E9F6600BA0BF0 /* Utils */ = {
			isa = PBXGroup;
			children = (
			);
			path = Utils;
			sourceTree = "<group>";
		};
		401DAA47255E9F6E00BA0BF0 /* Service */ = {
			isa = PBXGroup;
			children = (
			);
			path = Service;
			sourceTree = "<group>";
		};
		401DAA48255E9F6F00BA0BF0 /* Controller */ = {
			isa = PBXGroup;
			children = (
			);
			path = Controller;
			sourceTree = "<group>";
		};
		401DAA49255E9F7100BA0BF0 /* View */ = {
			isa = PBXGroup;
			children = (
			);
			path = View;
			sourceTree = "<group>";
		};
		401DAA4A255E9F7200BA0BF0 /* Model */ = {
			isa = PBXGroup;
			children = (
			);
			path = Model;
			sourceTree = "<group>";
		};
/* End PBXGroup section */

/* Begin PBXNativeTarget section */
		401DAA2D255E9EE900BA0BF0 /* BusBusterDemo */ = {
			isa = PBXNativeTarget;
			buildConfigurationList = 401DAA42255E9EEC00BA0BF0 /* Build configuration list for PBXNativeTarget "BusBusterDemo" */;
			buildPhases = (
				401DAA2A255E9EE900BA0BF0 /* Sources */,
				401DAA2B255E9EE900BA0BF0 /* Frameworks */,
				401DAA2C255E9EE900BA0BF0 /* Resources */,
			);
			buildRules = (
			);
			dependencies = (
			);
			name = BusBusterDemo;
			productName = BusBusterDemo;
			productReference = 401DAA2E255E9EE900BA0BF0 /* BusBusterDemo.app */;
			productType = "com.apple.product-type.application";
		};
/* End PBXNativeTarget section */

/* Begin PBXProject section */
		401DAA26255E9EE900BA0BF0 /* Project object */ = {
			isa = PBXProject;
			attributes = {
				LastSwiftUpdateCheck = 1160;
				LastUpgradeCheck = 1160;
				ORGANIZATIONNAME = Bob;
				TargetAttributes = {
					401DAA2D255E9EE900BA0BF0 = {
						CreatedOnToolsVersion = 11.6;
					};
				};
			};
			buildConfigurationList = 401DAA29255E9EE900BA0BF0 /* Build configuration list for PBXProject "BusBusterDemo" */;
			compatibilityVersion = "Xcode 9.3";
			developmentRegion = en;
			hasScannedForEncodings = 0;
			knownRegions = (
				en,
				Base,
			);
			mainGroup = 401DAA25255E9EE900BA0BF0;
			productRefGroup = 401DAA2F255E9EE900BA0BF0 /* Products */;
			projectDirPath = "";
			projectRoot = "";
			targets = (
				401DAA2D255E9EE900BA0BF0 /* BusBusterDemo */,
			);
		};
/* End PBXProject section */

/* Begin PBXResourcesBuildPhase section */
		401DAA2C255E9EE900BA0BF0 /* Resources */ = {
			isa = PBXResourcesBuildPhase;
			buildActionMask = 2147483647;
			files = (
				401DAA3E255E9EEC00BA0BF0 /* LaunchScreen.storyboard in Resources */,
				401DAA3B255E9EEC00BA0BF0 /* Assets.xcassets in Resources */,
				401DAA39255E9EE900BA0BF0 /* Main.storyboard in Resources */,
			);
			runOnlyForDeploymentPostprocessing = 0;
		};
/* End PBXResourcesBuildPhase section */

/* Begin PBXSourcesBuildPhase section */
		401DAA2A255E9EE900BA0BF0 /* Sources */ = {
			isa = PBXSourcesBuildPhase;
			buildActionMask = 2147483647;
			files = (
				401DAA36255E9EE900BA0BF0 /* ViewController.swift in Sources */,
				401DAA32255E9EE900BA0BF0 /* AppDelegate.swift in Sources */,
				401DAA34255E9EE900BA0BF0 /* SceneDelegate.swift in Sources */,
			);
			runOnlyForDeploymentPostprocessing = 0;
		};
/* End PBXSourcesBuildPhase section */

/* Begin PBXVariantGroup section */
		401DAA37255E9EE900BA0BF0 /* Main.storyboard */ = {
			isa = PBXVariantGroup;
			children = (
				401DAA38255E9EE900BA0BF0 /* Base */,
			);
			name = Main.storyboard;
			sourceTree = "<group>";
		};
		401DAA3C255E9EEC00BA0BF0 /* LaunchScreen.storyboard */ = {
			isa = PBXVariantGroup;
			children = (
				401DAA3D255E9EEC00BA0BF0 /* Base */,
			);
			name = LaunchScreen.storyboard;
			sourceTree = "<group>";
		};
/* End PBXVariantGroup section */

/* Begin XCBuildConfiguration section */
		401DAA40255E9EEC00BA0BF0 /* Debug */ = {
			isa = XCBuildConfiguration;
			buildSettings = {
				ALWAYS_SEARCH_USER_PATHS = NO;
				CLANG_ANALYZER_NONNULL = YES;
				CLANG_ANALYZER_NUMBER_OBJECT_CONVERSION = YES_AGGRESSIVE;
				CLANG_CXX_LANGUAGE_STANDARD = "gnu++14";
				CLANG_CXX_LIBRARY = "libc++";
				CLANG_ENABLE_MODULES = YES;
				CLANG_ENABLE_OBJC_ARC = YES;
				CLANG_ENABLE_OBJC_WEAK = YES;
				CLANG_WARN_BLOCK_CAPTURE_AUTORELEASING = YES;
				CLANG_WARN_BOOL_CONVERSION = YES;
				CLANG_WARN_COMMA = YES;
				CLANG_WARN_CONSTANT_CONVERSION = YES;
				CLANG_WARN_DEPRECATED_OBJC_IMPLEMENTATIONS = YES;
				CLANG_WARN_DIRECT_OBJC_ISA_USAGE = YES_ERROR;
				CLANG_WARN_DOCUMENTATION_COMMENTS = YES;
				CLANG_WARN_EMPTY_BODY = YES;
				CLANG_WARN_ENUM_CONVERSION = YES;
				CLANG_WARN_INFINITE_RECURSION = YES;
				CLANG_WARN_INT_CONVERSION = YES;
				CLANG_WARN_NON_LITERAL_NULL_CONVERSION = YES;
				CLANG_WARN_OBJC_IMPLICIT_RETAIN_SELF = YES;
				CLANG_WARN_OBJC_LITERAL_CONVERSION = YES;
				CLANG_WARN_OBJC_ROOT_CLASS = YES_ERROR;
				CLANG_WARN_RANGE_LOOP_ANALYSIS = YES;
				CLANG_WARN_STRICT_PROTOTYPES = YES;
				CLANG_WARN_SUSPICIOUS_MOVE = YES;
				CLANG_WARN_UNGUARDED_AVAILABILITY = YES_AGGRESSIVE;
				CLANG_WARN_UNREACHABLE_CODE = YES;
				CLANG_WARN__DUPLICATE_METHOD_MATCH = YES;
				COPY_PHASE_STRIP = NO;
				DEBUG_INFORMATION_FORMAT = dwarf;
				ENABLE_STRICT_OBJC_MSGSEND = YES;
				ENABLE_TESTABILITY = YES;
				GCC_C_LANGUAGE_STANDARD = gnu11;
				GCC_DYNAMIC_NO_PIC = NO;
				GCC_NO_COMMON_BLOCKS = YES;
				GCC_OPTIMIZATION_LEVEL = 0;
				GCC_PREPROCESSOR_DEFINITIONS = (
					"DEBUG=1",
					"$(inherited)",
				);
				GCC_WARN_64_TO_32_BIT_CONVERSION = YES;
				GCC_WARN_ABOUT_RETURN_TYPE = YES_ERROR;
				GCC_WARN_UNDECLARED_SELECTOR = YES;
				GCC_WARN_UNINITIALIZED_AUTOS = YES_AGGRESSIVE;
				GCC_WARN_UNUSED_FUNCTION = YES;
				GCC_WARN_UNUSED_VARIABLE = YES;
				IPHONEOS_DEPLOYMENT_TARGET = 13.6;
				MTL_ENABLE_DEBUG_INFO = INCLUDE_SOURCE;
				MTL_FAST_MATH = YES;
				ONLY_ACTIVE_ARCH = YES;
				SDKROOT = iphoneos;
				SWIFT_ACTIVE_COMPILATION_CONDITIONS = DEBUG;
				SWIFT_OPTIMIZATION_LEVEL = "-Onone";
			};
			name = Debug;
		};
		401DAA41255E9EEC00BA0BF0 /* Release */ = {
			isa = XCBuildConfiguration;
			buildSettings = {
				ALWAYS_SEARCH_USER_PATHS = NO;
				CLANG_ANALYZER_NONNULL = YES;
				CLANG_ANALYZER_NUMBER_OBJECT_CONVERSION = YES_AGGRESSIVE;
				CLANG_CXX_LANGUAGE_STANDARD = "gnu++14";
				CLANG_CXX_LIBRARY = "libc++";
				CLANG_ENABLE_MODULES = YES;
				CLANG_ENABLE_OBJC_ARC = YES;
				CLANG_ENABLE_OBJC_WEAK = YES;
				CLANG_WARN_BLOCK_CAPTURE_AUTORELEASING = YES;
				CLANG_WARN_BOOL_CONVERSION = YES;
				CLANG_WARN_COMMA = YES;
				CLANG_WARN_CONSTANT_CONVERSION = YES;
				CLANG_WARN_DEPRECATED_OBJC_IMPLEMENTATIONS = YES;
				CLANG_WARN_DIRECT_OBJC_ISA_USAGE = YES_ERROR;
				CLANG_WARN_DOCUMENTATION_COMMENTS = YES;
				CLANG_WARN_EMPTY_BODY = YES;
				CLANG_WARN_ENUM_CONVERSION = YES;
				CLANG_WARN_INFINITE_RECURSION = YES;
				CLANG_WARN_INT_CONVERSION = YES;
				CLANG_WARN_NON_LITERAL_NULL_CONVERSION = YES;
				CLANG_WARN_OBJC_IMPLICIT_RETAIN_SELF = YES;
				CLANG_WARN_OBJC_LITERAL_CONVERSION = YES;
				CLANG_WARN_OBJC_ROOT_CLASS = YES_ERROR;
				CLANG_WARN_RANGE_LOOP_ANALYSIS = YES;
				CLANG_WARN_STRICT_PROTOTYPES = YES;
				CLANG_WARN_SUSPICIOUS_MOVE = YES;
				CLANG_WARN_UNGUARDED_AVAILABILITY = YES_AGGRESSIVE;
				CLANG_WARN_UNREACHABLE_CODE = YES;
				CLANG_WARN__DUPLICATE_METHOD_MATCH = YES;
				COPY_PHASE_STRIP = NO;
				DEBUG_INFORMATION_FORMAT = "dwarf-with-dsym";
				ENABLE_NS_ASSERTIONS = NO;
				ENABLE_STRICT_OBJC_MSGSEND = YES;
				GCC_C_LANGUAGE_STANDARD = gnu11;
				GCC_NO_COMMON_BLOCKS = YES;
				GCC_WARN_64_TO_32_BIT_CONVERSION = YES;
				GCC_WARN_ABOUT_RETURN_TYPE = YES_ERROR;
				GCC_WARN_UNDECLARED_SELECTOR = YES;
				GCC_WARN_UNINITIALIZED_AUTOS = YES_AGGRESSIVE;
				GCC_WARN_UNUSED_FUNCTION = YES;
				GCC_WARN_UNUSED_VARIABLE = YES;
				IPHONEOS_DEPLOYMENT_TARGET = 13.6;
				MTL_ENABLE_DEBUG_INFO = NO;
				MTL_FAST_MATH = YES;
				SDKROOT = iphoneos;
				SWIFT_COMPILATION_MODE = wholemodule;
				SWIFT_OPTIMIZATION_LEVEL = "-O";
				VALIDATE_PRODUCT = YES;
			};
			name = Release;
		};
		401DAA43255E9EEC00BA0BF0 /* Debug */ = {
			isa = XCBuildConfiguration;
			buildSettings = {
				ASSETCATALOG_COMPILER_APPICON_NAME = AppIcon;
				CODE_SIGN_STYLE = Automatic;
				DEVELOPMENT_TEAM = RFCWAPK562;
				INFOPLIST_FILE = BusBusterDemo/Info.plist;
				LD_RUNPATH_SEARCH_PATHS = (
					"$(inherited)",
					"@executable_path/Frameworks",
				);
				PRODUCT_BUNDLE_IDENTIFIER = tawnysoul.BusBusterDemo;
				PRODUCT_NAME = "$(TARGET_NAME)";
				SWIFT_VERSION = 5.0;
				TARGETED_DEVICE_FAMILY = "1,2";
			};
			name = Debug;
		};
		401DAA44255E9EEC00BA0BF0 /* Release */ = {
			isa = XCBuildConfiguration;
			buildSettings = {
				ASSETCATALOG_COMPILER_APPICON_NAME = AppIcon;
				CODE_SIGN_STYLE = Automatic;
				DEVELOPMENT_TEAM = RFCWAPK562;
				INFOPLIST_FILE = BusBusterDemo/Info.plist;
				LD_RUNPATH_SEARCH_PATHS = (
					"$(inherited)",
					"@executable_path/Frameworks",
				);
				PRODUCT_BUNDLE_IDENTIFIER = tawnysoul.BusBusterDemo;
				PRODUCT_NAME = "$(TARGET_NAME)";
				SWIFT_VERSION = 5.0;
				TARGETED_DEVICE_FAMILY = "1,2";
			};
			name = Release;
		};
/* End XCBuildConfiguration section */

/* Begin XCConfigurationList section */
		401DAA29255E9EE900BA0BF0 /* Build configuration list for PBXProject "BusBusterDemo" */ = {
			isa = XCConfigurationList;
			buildConfigurations = (
				401DAA40255E9EEC00BA0BF0 /* Debug */,
				401DAA41255E9EEC00BA0BF0 /* Release */,
			);
			defaultConfigurationIsVisible = 0;
			defaultConfigurationName = Release;
		};
		401DAA42255E9EEC00BA0BF0 /* Build configuration list for PBXNativeTarget "BusBusterDemo" */ = {
			isa = XCConfigurationList;
			buildConfigurations = (
				401DAA43255E9EEC00BA0BF0 /* Debug */,
				401DAA44255E9EEC00BA0BF0 /* Release */,
			);
			defaultConfigurationIsVisible = 0;
			defaultConfigurationName = Release;
		};
/* End XCConfigurationList section */
	};
	rootObject = 401DAA26255E9EE900BA0BF0 /* Project object */;
}
